// !$*UTF8*$!
{
	archiveVersion = 1;
	classes = {
	};
	objectVersion = 46;
	objects = {

/* Begin PBXBuildFile section */
		D1B97AB6195FBD180076577D /* Foundation.framework in Frameworks */ = {isa = PBXBuildFile; fileRef = D1B97AB5195FBD180076577D /* Foundation.framework */; };
		D1B97AB8195FBD180076577D /* CoreGraphics.framework in Frameworks */ = {isa = PBXBuildFile; fileRef = D1B97AB7195FBD180076577D /* CoreGraphics.framework */; };
		D1B97ABA195FBD180076577D /* UIKit.framework in Frameworks */ = {isa = PBXBuildFile; fileRef = D1B97AB9195FBD180076577D /* UIKit.framework */; };
		D1B97AC0195FBD180076577D /* InfoPlist.strings in Resources */ = {isa = PBXBuildFile; fileRef = D1B97ABE195FBD180076577D /* InfoPlist.strings */; };
		D1B97AC2195FBD180076577D /* main.m in Sources */ = {isa = PBXBuildFile; fileRef = D1B97AC1195FBD180076577D /* main.m */; };
		D1B97AC6195FBD180076577D /* AWAppDelegate.m in Sources */ = {isa = PBXBuildFile; fileRef = D1B97AC5195FBD180076577D /* AWAppDelegate.m */; };
		D1B97AC8195FBD180076577D /* Images.xcassets in Resources */ = {isa = PBXBuildFile; fileRef = D1B97AC7195FBD180076577D /* Images.xcassets */; };
		D1B97ACF195FBD180076577D /* XCTest.framework in Frameworks */ = {isa = PBXBuildFile; fileRef = D1B97ACE195FBD180076577D /* XCTest.framework */; };
		D1B97AD0195FBD180076577D /* Foundation.framework in Frameworks */ = {isa = PBXBuildFile; fileRef = D1B97AB5195FBD180076577D /* Foundation.framework */; };
		D1B97AD1195FBD180076577D /* UIKit.framework in Frameworks */ = {isa = PBXBuildFile; fileRef = D1B97AB9195FBD180076577D /* UIKit.framework */; };
		D1B97AD9195FBD180076577D /* InfoPlist.strings in Resources */ = {isa = PBXBuildFile; fileRef = D1B97AD7195FBD180076577D /* InfoPlist.strings */; };
		D1B97ADB195FBD180076577D /* AWNavigationMenuViewDemoTests.m in Sources */ = {isa = PBXBuildFile; fileRef = D1B97ADA195FBD180076577D /* AWNavigationMenuViewDemoTests.m */; };
		E977889919652E5100F528CA /* AWNavigationMenuButton.m in Sources */ = {isa = PBXBuildFile; fileRef = E977889819652E5100F528CA /* AWNavigationMenuButton.m */; };
		E97788BD196531C500F528CA /* timeline_write.png in Resources */ = {isa = PBXBuildFile; fileRef = E97788A1196531C500F528CA /* timeline_write.png */; };
		E97788BE196531C500F528CA /* timeline_write@2x.png in Resources */ = {isa = PBXBuildFile; fileRef = E97788A2196531C500F528CA /* timeline_write@2x.png */; };
		E97788BF196531C500F528CA /* title_view_arrow.png in Resources */ = {isa = PBXBuildFile; fileRef = E97788A3196531C500F528CA /* title_view_arrow.png */; };
		E97788C0196531C500F528CA /* title_view_arrow@2x.png in Resources */ = {isa = PBXBuildFile; fileRef = E97788A4196531C500F528CA /* title_view_arrow@2x.png */; };
		E97788C1196531C500F528CA /* title_view_icon_bulletin.png in Resources */ = {isa = PBXBuildFile; fileRef = E97788A5196531C500F528CA /* title_view_icon_bulletin.png */; };
		E97788C2196531C500F528CA /* title_view_icon_bulletin@2x.png in Resources */ = {isa = PBXBuildFile; fileRef = E97788A6196531C500F528CA /* title_view_icon_bulletin@2x.png */; };
		E97788C3196531C500F528CA /* title_view_icon_company.png in Resources */ = {isa = PBXBuildFile; fileRef = E97788A7196531C500F528CA /* title_view_icon_company.png */; };
		E97788C4196531C500F528CA /* title_view_icon_company@2x.png in Resources */ = {isa = PBXBuildFile; fileRef = E97788A8196531C500F528CA /* title_view_icon_company@2x.png */; };
		E97788C5196531C500F528CA /* title_view_icon_follow.png in Resources */ = {isa = PBXBuildFile; fileRef = E97788A9196531C500F528CA /* title_view_icon_follow.png */; };
		E97788C6196531C500F528CA /* title_view_icon_follow@2x.png in Resources */ = {isa = PBXBuildFile; fileRef = E97788AA196531C500F528CA /* title_view_icon_follow@2x.png */; };
		E97788C7196531C500F528CA /* title_view_icon_hot.png in Resources */ = {isa = PBXBuildFile; fileRef = E97788AB196531C500F528CA /* title_view_icon_hot.png */; };
		E97788C8196531C500F528CA /* title_view_icon_hot@2x.png in Resources */ = {isa = PBXBuildFile; fileRef = E97788AC196531C500F528CA /* title_view_icon_hot@2x.png */; };
		E97788C9196531C500F528CA /* top_toolbar_bulletin_normal.png in Resources */ = {isa = PBXBuildFile; fileRef = E97788AD196531C500F528CA /* top_toolbar_bulletin_normal.png */; };
		E97788CA196531C500F528CA /* top_toolbar_bulletin_normal@2x.png in Resources */ = {isa = PBXBuildFile; fileRef = E97788AE196531C500F528CA /* top_toolbar_bulletin_normal@2x.png */; };
		E97788CB196531C500F528CA /* top_toolbar_bulletin_selected.png in Resources */ = {isa = PBXBuildFile; fileRef = E97788AF196531C500F528CA /* top_toolbar_bulletin_selected.png */; };
		E97788CC196531C500F528CA /* top_toolbar_bulletin_selected@2x.png in Resources */ = {isa = PBXBuildFile; fileRef = E97788B0196531C500F528CA /* top_toolbar_bulletin_selected@2x.png */; };
		E97788CD196531C500F528CA /* top_toolbar_company_normal.png in Resources */ = {isa = PBXBuildFile; fileRef = E97788B1196531C500F528CA /* top_toolbar_company_normal.png */; };
		E97788CE196531C500F528CA /* top_toolbar_company_normal@2x.png in Resources */ = {isa = PBXBuildFile; fileRef = E97788B2196531C500F528CA /* top_toolbar_company_normal@2x.png */; };
		E97788CF196531C500F528CA /* top_toolbar_company_selected.png in Resources */ = {isa = PBXBuildFile; fileRef = E97788B3196531C500F528CA /* top_toolbar_company_selected.png */; };
		E97788D0196531C500F528CA /* top_toolbar_company_selected@2x.png in Resources */ = {isa = PBXBuildFile; fileRef = E97788B4196531C500F528CA /* top_toolbar_company_selected@2x.png */; };
		E97788D1196531C500F528CA /* top_toolbar_follow_normal.png in Resources */ = {isa = PBXBuildFile; fileRef = E97788B5196531C500F528CA /* top_toolbar_follow_normal.png */; };
		E97788D2196531C500F528CA /* top_toolbar_follow_normal@2x.png in Resources */ = {isa = PBXBuildFile; fileRef = E97788B6196531C500F528CA /* top_toolbar_follow_normal@2x.png */; };
		E97788D3196531C500F528CA /* top_toolbar_follow_selected.png in Resources */ = {isa = PBXBuildFile; fileRef = E97788B7196531C500F528CA /* top_toolbar_follow_selected.png */; };
		E97788D4196531C500F528CA /* top_toolbar_follow_selected@2x.png in Resources */ = {isa = PBXBuildFile; fileRef = E97788B8196531C500F528CA /* top_toolbar_follow_selected@2x.png */; };
		E97788D5196531C500F528CA /* top_toolbar_hot_normal.png in Resources */ = {isa = PBXBuildFile; fileRef = E97788B9196531C500F528CA /* top_toolbar_hot_normal.png */; };
		E97788D6196531C500F528CA /* top_toolbar_hot_normal@2x.png in Resources */ = {isa = PBXBuildFile; fileRef = E97788BA196531C500F528CA /* top_toolbar_hot_normal@2x.png */; };
		E97788D7196531C500F528CA /* top_toolbar_hot_selected.png in Resources */ = {isa = PBXBuildFile; fileRef = E97788BB196531C500F528CA /* top_toolbar_hot_selected.png */; };
		E97788D8196531C500F528CA /* top_toolbar_hot_selected@2x.png in Resources */ = {isa = PBXBuildFile; fileRef = E97788BC196531C500F528CA /* top_toolbar_hot_selected@2x.png */; };
/* End PBXBuildFile section */

/* Begin PBXContainerItemProxy section */
		D1B97AD2195FBD180076577D /* PBXContainerItemProxy */ = {
			isa = PBXContainerItemProxy;
			containerPortal = D1B97AAA195FBD180076577D /* Project object */;
			proxyType = 1;
			remoteGlobalIDString = D1B97AB1195FBD180076577D;
			remoteInfo = AWNavigationMenuViewDemo;
		};
/* End PBXContainerItemProxy section */

/* Begin PBXFileReference section */
		D1B97AB2195FBD180076577D /* AWNavigationMenuViewDemo.app */ = {isa = PBXFileReference; explicitFileType = wrapper.application; includeInIndex = 0; path = AWNavigationMenuViewDemo.app; sourceTree = BUILT_PRODUCTS_DIR; };
		D1B97AB5195FBD180076577D /* Foundation.framework */ = {isa = PBXFileReference; lastKnownFileType = wrapper.framework; name = Foundation.framework; path = System/Library/Frameworks/Foundation.framework; sourceTree = SDKROOT; };
		D1B97AB7195FBD180076577D /* CoreGraphics.framework */ = {isa = PBXFileReference; lastKnownFileType = wrapper.framework; name = CoreGraphics.framework; path = System/Library/Frameworks/CoreGraphics.framework; sourceTree = SDKROOT; };
		D1B97AB9195FBD180076577D /* UIKit.framework */ = {isa = PBXFileReference; lastKnownFileType = wrapper.framework; name = UIKit.framework; path = System/Library/Frameworks/UIKit.framework; sourceTree = SDKROOT; };
		D1B97ABD195FBD180076577D /* AWNavigationMenuViewDemo-Info.plist */ = {isa = PBXFileReference; lastKnownFileType = text.plist.xml; path = "AWNavigationMenuViewDemo-Info.plist"; sourceTree = "<group>"; };
		D1B97ABF195FBD180076577D /* en */ = {isa = PBXFileReference; lastKnownFileType = text.plist.strings; name = en; path = en.lproj/InfoPlist.strings; sourceTree = "<group>"; };
		D1B97AC1195FBD180076577D /* main.m */ = {isa = PBXFileReference; lastKnownFileType = sourcecode.c.objc; path = main.m; sourceTree = "<group>"; };
		D1B97AC3195FBD180076577D /* AWNavigationMenuViewDemo-Prefix.pch */ = {isa = PBXFileReference; lastKnownFileType = sourcecode.c.h; path = "AWNavigationMenuViewDemo-Prefix.pch"; sourceTree = "<group>"; };
		D1B97AC4195FBD180076577D /* AWAppDelegate.h */ = {isa = PBXFileReference; lastKnownFileType = sourcecode.c.h; path = AWAppDelegate.h; sourceTree = "<group>"; };
		D1B97AC5195FBD180076577D /* AWAppDelegate.m */ = {isa = PBXFileReference; lastKnownFileType = sourcecode.c.objc; path = AWAppDelegate.m; sourceTree = "<group>"; };
		D1B97AC7195FBD180076577D /* Images.xcassets */ = {isa = PBXFileReference; lastKnownFileType = folder.assetcatalog; path = Images.xcassets; sourceTree = "<group>"; };
		D1B97ACD195FBD180076577D /* AWNavigationMenuViewDemoTests.xctest */ = {isa = PBXFileReference; explicitFileType = wrapper.cfbundle; includeInIndex = 0; path = AWNavigationMenuViewDemoTests.xctest; sourceTree = BUILT_PRODUCTS_DIR; };
		D1B97ACE195FBD180076577D /* XCTest.framework */ = {isa = PBXFileReference; lastKnownFileType = wrapper.framework; name = XCTest.framework; path = Library/Frameworks/XCTest.framework; sourceTree = DEVELOPER_DIR; };
		D1B97AD6195FBD180076577D /* AWNavigationMenuViewDemoTests-Info.plist */ = {isa = PBXFileReference; lastKnownFileType = text.plist.xml; path = "AWNavigationMenuViewDemoTests-Info.plist"; sourceTree = "<group>"; };
		D1B97AD8195FBD180076577D /* en */ = {isa = PBXFileReference; lastKnownFileType = text.plist.strings; name = en; path = en.lproj/InfoPlist.strings; sourceTree = "<group>"; };
		D1B97ADA195FBD180076577D /* AWNavigationMenuViewDemoTests.m */ = {isa = PBXFileReference; lastKnownFileType = sourcecode.c.objc; path = AWNavigationMenuViewDemoTests.m; sourceTree = "<group>"; };
		E977889719652E5100F528CA /* AWNavigationMenuButton.h */ = {isa = PBXFileReference; fileEncoding = 4; lastKnownFileType = sourcecode.c.h; path = AWNavigationMenuButton.h; sourceTree = "<group>"; };
		E977889819652E5100F528CA /* AWNavigationMenuButton.m */ = {isa = PBXFileReference; fileEncoding = 4; lastKnownFileType = sourcecode.c.objc; path = AWNavigationMenuButton.m; sourceTree = "<group>"; };
		E97788A1196531C500F528CA /* timeline_write.png */ = {isa = PBXFileReference; lastKnownFileType = image.png; path = timeline_write.png; sourceTree = "<group>"; };
		E97788A2196531C500F528CA /* timeline_write@2x.png */ = {isa = PBXFileReference; lastKnownFileType = image.png; path = "timeline_write@2x.png"; sourceTree = "<group>"; };
		E97788A3196531C500F528CA /* title_view_arrow.png */ = {isa = PBXFileReference; lastKnownFileType = image.png; path = title_view_arrow.png; sourceTree = "<group>"; };
		E97788A4196531C500F528CA /* title_view_arrow@2x.png */ = {isa = PBXFileReference; lastKnownFileType = image.png; path = "title_view_arrow@2x.png"; sourceTree = "<group>"; };
		E97788A5196531C500F528CA /* title_view_icon_bulletin.png */ = {isa = PBXFileReference; lastKnownFileType = image.png; path = title_view_icon_bulletin.png; sourceTree = "<group>"; };
		E97788A6196531C500F528CA /* title_view_icon_bulletin@2x.png */ = {isa = PBXFileReference; lastKnownFileType = image.png; path = "title_view_icon_bulletin@2x.png"; sourceTree = "<group>"; };
		E97788A7196531C500F528CA /* title_view_icon_company.png */ = {isa = PBXFileReference; lastKnownFileType = image.png; path = title_view_icon_company.png; sourceTree = "<group>"; };
		E97788A8196531C500F528CA /* title_view_icon_company@2x.png */ = {isa = PBXFileReference; lastKnownFileType = image.png; path = "title_view_icon_company@2x.png"; sourceTree = "<group>"; };
		E97788A9196531C500F528CA /* title_view_icon_follow.png */ = {isa = PBXFileReference; lastKnownFileType = image.png; path = title_view_icon_follow.png; sourceTree = "<group>"; };
		E97788AA196531C500F528CA /* title_view_icon_follow@2x.png */ = {isa = PBXFileReference; lastKnownFileType = image.png; path = "title_view_icon_follow@2x.png"; sourceTree = "<group>"; };
		E97788AB196531C500F528CA /* title_view_icon_hot.png */ = {isa = PBXFileReference; lastKnownFileType = image.png; path = title_view_icon_hot.png; sourceTree = "<group>"; };
		E97788AC196531C500F528CA /* title_view_icon_hot@2x.png */ = {isa = PBXFileReference; lastKnownFileType = image.png; path = "title_view_icon_hot@2x.png"; sourceTree = "<group>"; };
		E97788AD196531C500F528CA /* top_toolbar_bulletin_normal.png */ = {isa = PBXFileReference; lastKnownFileType = image.png; path = top_toolbar_bulletin_normal.png; sourceTree = "<group>"; };
		E97788AE196531C500F528CA /* top_toolbar_bulletin_normal@2x.png */ = {isa = PBXFileReference; lastKnownFileType = image.png; path = "top_toolbar_bulletin_normal@2x.png"; sourceTree = "<group>"; };
		E97788AF196531C500F528CA /* top_toolbar_bulletin_selected.png */ = {isa = PBXFileReference; lastKnownFileType = image.png; path = top_toolbar_bulletin_selected.png; sourceTree = "<group>"; };
		E97788B0196531C500F528CA /* top_toolbar_bulletin_selected@2x.png */ = {isa = PBXFileReference; lastKnownFileType = image.png; path = "top_toolbar_bulletin_selected@2x.png"; sourceTree = "<group>"; };
		E97788B1196531C500F528CA /* top_toolbar_company_normal.png */ = {isa = PBXFileReference; lastKnownFileType = image.png; path = top_toolbar_company_normal.png; sourceTree = "<group>"; };
		E97788B2196531C500F528CA /* top_toolbar_company_normal@2x.png */ = {isa = PBXFileReference; lastKnownFileType = image.png; path = "top_toolbar_company_normal@2x.png"; sourceTree = "<group>"; };
		E97788B3196531C500F528CA /* top_toolbar_company_selected.png */ = {isa = PBXFileReference; lastKnownFileType = image.png; path = top_toolbar_company_selected.png; sourceTree = "<group>"; };
		E97788B4196531C500F528CA /* top_toolbar_company_selected@2x.png */ = {isa = PBXFileReference; lastKnownFileType = image.png; path = "top_toolbar_company_selected@2x.png"; sourceTree = "<group>"; };
		E97788B5196531C500F528CA /* top_toolbar_follow_normal.png */ = {isa = PBXFileReference; lastKnownFileType = image.png; path = top_toolbar_follow_normal.png; sourceTree = "<group>"; };
		E97788B6196531C500F528CA /* top_toolbar_follow_normal@2x.png */ = {isa = PBXFileReference; lastKnownFileType = image.png; path = "top_toolbar_follow_normal@2x.png"; sourceTree = "<group>"; };
		E97788B7196531C500F528CA /* top_toolbar_follow_selected.png */ = {isa = PBXFileReference; lastKnownFileType = image.png; path = top_toolbar_follow_selected.png; sourceTree = "<group>"; };
		E97788B8196531C500F528CA /* top_toolbar_follow_selected@2x.png */ = {isa = PBXFileReference; lastKnownFileType = image.png; path = "top_toolbar_follow_selected@2x.png"; sourceTree = "<group>"; };
		E97788B9196531C500F528CA /* top_toolbar_hot_normal.png */ = {isa = PBXFileReference; lastKnownFileType = image.png; path = top_toolbar_hot_normal.png; sourceTree = "<group>"; };
		E97788BA196531C500F528CA /* top_toolbar_hot_normal@2x.png */ = {isa = PBXFileReference; lastKnownFileType = image.png; path = "top_toolbar_hot_normal@2x.png"; sourceTree = "<group>"; };
		E97788BB196531C500F528CA /* top_toolbar_hot_selected.png */ = {isa = PBXFileReference; lastKnownFileType = image.png; path = top_toolbar_hot_selected.png; sourceTree = "<group>"; };
		E97788BC196531C500F528CA /* top_toolbar_hot_selected@2x.png */ = {isa = PBXFileReference; lastKnownFileType = image.png; path = "top_toolbar_hot_selected@2x.png"; sourceTree = "<group>"; };
/* End PBXFileReference section */

/* Begin PBXFrameworksBuildPhase section */
		D1B97AAF195FBD180076577D /* Frameworks */ = {
			isa = PBXFrameworksBuildPhase;
			buildActionMask = 2147483647;
			files = (
				D1B97AB8195FBD180076577D /* CoreGraphics.framework in Frameworks */,
				D1B97ABA195FBD180076577D /* UIKit.framework in Frameworks */,
				D1B97AB6195FBD180076577D /* Foundation.framework in Frameworks */,
			);
			runOnlyForDeploymentPostprocessing = 0;
		};
		D1B97ACA195FBD180076577D /* Frameworks */ = {
			isa = PBXFrameworksBuildPhase;
			buildActionMask = 2147483647;
			files = (
				D1B97ACF195FBD180076577D /* XCTest.framework in Frameworks */,
				D1B97AD1195FBD180076577D /* UIKit.framework in Frameworks */,
				D1B97AD0195FBD180076577D /* Foundation.framework in Frameworks */,
			);
			runOnlyForDeploymentPostprocessing = 0;
		};
/* End PBXFrameworksBuildPhase section */

/* Begin PBXGroup section */
		D1B97AA9195FBD180076577D = {
			isa = PBXGroup;
			children = (
				D1B97ABB195FBD180076577D /* AWNavigationMenuViewDemo */,
				D1B97AD4195FBD180076577D /* AWNavigationMenuViewDemoTests */,
				D1B97AB4195FBD180076577D /* Frameworks */,
				D1B97AB3195FBD180076577D /* Products */,
			);
			sourceTree = "<group>";
		};
		D1B97AB3195FBD180076577D /* Products */ = {
			isa = PBXGroup;
			children = (
				D1B97AB2195FBD180076577D /* AWNavigationMenuViewDemo.app */,
				D1B97ACD195FBD180076577D /* AWNavigationMenuViewDemoTests.xctest */,
			);
			name = Products;
			sourceTree = "<group>";
		};
		D1B97AB4195FBD180076577D /* Frameworks */ = {
			isa = PBXGroup;
			children = (
				D1B97AB5195FBD180076577D /* Foundation.framework */,
				D1B97AB7195FBD180076577D /* CoreGraphics.framework */,
				D1B97AB9195FBD180076577D /* UIKit.framework */,
				D1B97ACE195FBD180076577D /* XCTest.framework */,
			);
			name = Frameworks;
			sourceTree = "<group>";
		};
		D1B97ABB195FBD180076577D /* AWNavigationMenuViewDemo */ = {
			isa = PBXGroup;
			children = (
				D1B97AC4195FBD180076577D /* AWAppDelegate.h */,
				D1B97AC5195FBD180076577D /* AWAppDelegate.m */,
				D1B97AC7195FBD180076577D /* Images.xcassets */,
				E977889619652E5100F528CA /* AWNavigationMenu */,
				E977889F196531C500F528CA /* Images */,
				D1B97ABC195FBD180076577D /* Supporting Files */,
			);
			path = AWNavigationMenuViewDemo;
			sourceTree = "<group>";
		};
		D1B97ABC195FBD180076577D /* Supporting Files */ = {
			isa = PBXGroup;
			children = (
				D1B97ABD195FBD180076577D /* AWNavigationMenuViewDemo-Info.plist */,
				D1B97ABE195FBD180076577D /* InfoPlist.strings */,
				D1B97AC1195FBD180076577D /* main.m */,
				D1B97AC3195FBD180076577D /* AWNavigationMenuViewDemo-Prefix.pch */,
			);
			name = "Supporting Files";
			sourceTree = "<group>";
		};
		D1B97AD4195FBD180076577D /* AWNavigationMenuViewDemoTests */ = {
			isa = PBXGroup;
			children = (
				D1B97ADA195FBD180076577D /* AWNavigationMenuViewDemoTests.m */,
				D1B97AD5195FBD180076577D /* Supporting Files */,
			);
			path = AWNavigationMenuViewDemoTests;
			sourceTree = "<group>";
		};
		D1B97AD5195FBD180076577D /* Supporting Files */ = {
			isa = PBXGroup;
			children = (
				D1B97AD6195FBD180076577D /* AWNavigationMenuViewDemoTests-Info.plist */,
				D1B97AD7195FBD180076577D /* InfoPlist.strings */,
			);
			name = "Supporting Files";
			sourceTree = "<group>";
		};
		E977889619652E5100F528CA /* AWNavigationMenu */ = {
			isa = PBXGroup;
			children = (
				E977889719652E5100F528CA /* AWNavigationMenuButton.h */,
				E977889819652E5100F528CA /* AWNavigationMenuButton.m */,
			);
			path = AWNavigationMenu;
			sourceTree = "<group>";
		};
		E977889F196531C500F528CA /* Images */ = {
			isa = PBXGroup;
			children = (
				E97788A0196531C500F528CA /* topToolBar */,
			);
			name = Images;
			path = AWNavigationMenu/Images;
			sourceTree = "<group>";
		};
		E97788A0196531C500F528CA /* topToolBar */ = {
			isa = PBXGroup;
			children = (
				E97788A1196531C500F528CA /* timeline_write.png */,
				E97788A2196531C500F528CA /* timeline_write@2x.png */,
				E97788A3196531C500F528CA /* title_view_arrow.png */,
				E97788A4196531C500F528CA /* title_view_arrow@2x.png */,
				E97788A5196531C500F528CA /* title_view_icon_bulletin.png */,
				E97788A6196531C500F528CA /* title_view_icon_bulletin@2x.png */,
				E97788A7196531C500F528CA /* title_view_icon_company.png */,
				E97788A8196531C500F528CA /* title_view_icon_company@2x.png */,
				E97788A9196531C500F528CA /* title_view_icon_follow.png */,
				E97788AA196531C500F528CA /* title_view_icon_follow@2x.png */,
				E97788AB196531C500F528CA /* title_view_icon_hot.png */,
				E97788AC196531C500F528CA /* title_view_icon_hot@2x.png */,
				E97788AD196531C500F528CA /* top_toolbar_bulletin_normal.png */,
				E97788AE196531C500F528CA /* top_toolbar_bulletin_normal@2x.png */,
				E97788AF196531C500F528CA /* top_toolbar_bulletin_selected.png */,
				E97788B0196531C500F528CA /* top_toolbar_bulletin_selected@2x.png */,
				E97788B1196531C500F528CA /* top_toolbar_company_normal.png */,
				E97788B2196531C500F528CA /* top_toolbar_company_normal@2x.png */,
				E97788B3196531C500F528CA /* top_toolbar_company_selected.png */,
				E97788B4196531C500F528CA /* top_toolbar_company_selected@2x.png */,
				E97788B5196531C500F528CA /* top_toolbar_follow_normal.png */,
				E97788B6196531C500F528CA /* top_toolbar_follow_normal@2x.png */,
				E97788B7196531C500F528CA /* top_toolbar_follow_selected.png */,
				E97788B8196531C500F528CA /* top_toolbar_follow_selected@2x.png */,
				E97788B9196531C500F528CA /* top_toolbar_hot_normal.png */,
				E97788BA196531C500F528CA /* top_toolbar_hot_normal@2x.png */,
				E97788BB196531C500F528CA /* top_toolbar_hot_selected.png */,
				E97788BC196531C500F528CA /* top_toolbar_hot_selected@2x.png */,
			);
			path = topToolBar;
			sourceTree = "<group>";
		};
/* End PBXGroup section */

/* Begin PBXNativeTarget section */
		D1B97AB1195FBD180076577D /* AWNavigationMenuViewDemo */ = {
			isa = PBXNativeTarget;
			buildConfigurationList = D1B97ADE195FBD180076577D /* Build configuration list for PBXNativeTarget "AWNavigationMenuViewDemo" */;
			buildPhases = (
				D1B97AAE195FBD180076577D /* Sources */,
				D1B97AAF195FBD180076577D /* Frameworks */,
				D1B97AB0195FBD180076577D /* Resources */,
			);
			buildRules = (
			);
			dependencies = (
			);
			name = AWNavigationMenuViewDemo;
			productName = AWNavigationMenuViewDemo;
			productReference = D1B97AB2195FBD180076577D /* AWNavigationMenuViewDemo.app */;
			productType = "com.apple.product-type.application";
		};
		D1B97ACC195FBD180076577D /* AWNavigationMenuViewDemoTests */ = {
			isa = PBXNativeTarget;
			buildConfigurationList = D1B97AE1195FBD180076577D /* Build configuration list for PBXNativeTarget "AWNavigationMenuViewDemoTests" */;
			buildPhases = (
				D1B97AC9195FBD180076577D /* Sources */,
				D1B97ACA195FBD180076577D /* Frameworks */,
				D1B97ACB195FBD180076577D /* Resources */,
			);
			buildRules = (
			);
			dependencies = (
				D1B97AD3195FBD180076577D /* PBXTargetDependency */,
			);
			name = AWNavigationMenuViewDemoTests;
			productName = AWNavigationMenuViewDemoTests;
			productReference = D1B97ACD195FBD180076577D /* AWNavigationMenuViewDemoTests.xctest */;
			productType = "com.apple.product-type.bundle.unit-test";
		};
/* End PBXNativeTarget section */

/* Begin PBXProject section */
		D1B97AAA195FBD180076577D /* Project object */ = {
			isa = PBXProject;
			attributes = {
				CLASSPREFIX = AW;
				LastUpgradeCheck = 0510;
				ORGANIZATIONNAME = Alan_Wong;
				TargetAttributes = {
					D1B97ACC195FBD180076577D = {
						TestTargetID = D1B97AB1195FBD180076577D;
					};
				};
			};
			buildConfigurationList = D1B97AAD195FBD180076577D /* Build configuration list for PBXProject "AWNavigationMenuViewDemo" */;
			compatibilityVersion = "Xcode 3.2";
			developmentRegion = English;
			hasScannedForEncodings = 0;
			knownRegions = (
				en,
			);
			mainGroup = D1B97AA9195FBD180076577D;
			productRefGroup = D1B97AB3195FBD180076577D /* Products */;
			projectDirPath = "";
			projectRoot = "";
			targets = (
				D1B97AB1195FBD180076577D /* AWNavigationMenuViewDemo */,
				D1B97ACC195FBD180076577D /* AWNavigationMenuViewDemoTests */,
			);
		};
/* End PBXProject section */

/* Begin PBXResourcesBuildPhase section */
		D1B97AB0195FBD180076577D /* Resources */ = {
			isa = PBXResourcesBuildPhase;
			buildActionMask = 2147483647;
			files = (
				E97788D2196531C500F528CA /* top_toolbar_follow_normal@2x.png in Resources */,
				E97788D7196531C500F528CA /* top_toolbar_hot_selected.png in Resources */,
				E97788C6196531C500F528CA /* title_view_icon_follow@2x.png in Resources */,
				E97788D8196531C500F528CA /* top_toolbar_hot_selected@2x.png in Resources */,
				E97788C3196531C500F528CA /* title_view_icon_company.png in Resources */,
				E97788CA196531C500F528CA /* top_toolbar_bulletin_normal@2x.png in Resources */,
				E97788C5196531C500F528CA /* title_view_icon_follow.png in Resources */,
				E97788BD196531C500F528CA /* timeline_write.png in Resources */,
				E97788D1196531C500F528CA /* top_toolbar_follow_normal.png in Resources */,
				E97788CF196531C500F528CA /* top_toolbar_company_selected.png in Resources */,
				E97788C9196531C500F528CA /* top_toolbar_bulletin_normal.png in Resources */,
				E97788BF196531C500F528CA /* title_view_arrow.png in Resources */,
				E97788CD196531C500F528CA /* top_toolbar_company_normal.png in Resources */,
				D1B97AC0195FBD180076577D /* InfoPlist.strings in Resources */,
				E97788D3196531C500F528CA /* top_toolbar_follow_selected.png in Resources */,
				D1B97AC8195FBD180076577D /* Images.xcassets in Resources */,
				E97788CB196531C500F528CA /* top_toolbar_bulletin_selected.png in Resources */,
				E97788C0196531C500F528CA /* title_view_arrow@2x.png in Resources */,
				E97788BE196531C500F528CA /* timeline_write@2x.png in Resources */,
				E97788D6196531C500F528CA /* top_toolbar_hot_normal@2x.png in Resources */,
				E97788C2196531C500F528CA /* title_view_icon_bulletin@2x.png in Resources */,
				E97788D5196531C500F528CA /* top_toolbar_hot_normal.png in Resources */,
				E97788D0196531C500F528CA /* top_toolbar_company_selected@2x.png in Resources */,
				E97788C7196531C500F528CA /* title_view_icon_hot.png in Resources */,
				E97788CC196531C500F528CA /* top_toolbar_bulletin_selected@2x.png in Resources */,
				E97788C8196531C500F528CA /* title_view_icon_hot@2x.png in Resources */,
				E97788D4196531C500F528CA /* top_toolbar_follow_selected@2x.png in Resources */,
				E97788C1196531C500F528CA /* title_view_icon_bulletin.png in Resources */,
				E97788C4196531C500F528CA /* title_view_icon_company@2x.png in Resources */,
				E97788CE196531C500F528CA /* top_toolbar_company_normal@2x.png in Resources */,
			);
			runOnlyForDeploymentPostprocessing = 0;
		};
		D1B97ACB195FBD180076577D /* Resources */ = {
			isa = PBXResourcesBuildPhase;
			buildActionMask = 2147483647;
			files = (
				D1B97AD9195FBD180076577D /* InfoPlist.strings in Resources */,
			);
			runOnlyForDeploymentPostprocessing = 0;
		};
/* End PBXResourcesBuildPhase section */

/* Begin PBXSourcesBuildPhase section */
		D1B97AAE195FBD180076577D /* Sources */ = {
			isa = PBXSourcesBuildPhase;
			buildActionMask = 2147483647;
			files = (
				E977889919652E5100F528CA /* AWNavigationMenuButton.m in Sources */,
				D1B97AC6195FBD180076577D /* AWAppDelegate.m in Sources */,
				D1B97AC2195FBD180076577D /* main.m in Sources */,
			);
			runOnlyForDeploymentPostprocessing = 0;
		};
		D1B97AC9195FBD180076577D /* Sources */ = {
			isa = PBXSourcesBuildPhase;
			buildActionMask = 2147483647;
			files = (
				D1B97ADB195FBD180076577D /* AWNavigationMenuViewDemoTests.m in Sources */,
			);
			runOnlyForDeploymentPostprocessing = 0;
		};
/* End PBXSourcesBuildPhase section */

/* Begin PBXTargetDependency section */
		D1B97AD3195FBD180076577D /* PBXTargetDependency */ = {
			isa = PBXTargetDependency;
			target = D1B97AB1195FBD180076577D /* AWNavigationMenuViewDemo */;
			targetProxy = D1B97AD2195FBD180076577D /* PBXContainerItemProxy */;
		};
/* End PBXTargetDependency section */

/* Begin PBXVariantGroup section */
		D1B97ABE195FBD180076577D /* InfoPlist.strings */ = {
			isa = PBXVariantGroup;
			children = (
				D1B97ABF195FBD180076577D /* en */,
			);
			name = InfoPlist.strings;
			sourceTree = "<group>";
		};
		D1B97AD7195FBD180076577D /* InfoPlist.strings */ = {
			isa = PBXVariantGroup;
			children = (
				D1B97AD8195FBD180076577D /* en */,
			);
			name = InfoPlist.strings;
			sourceTree = "<group>";
		};
/* End PBXVariantGroup section */

/* Begin XCBuildConfiguration section */
		D1B97ADC195FBD180076577D /* Debug */ = {
			isa = XCBuildConfiguration;
			buildSettings = {
				ALWAYS_SEARCH_USER_PATHS = NO;
				CLANG_CXX_LANGUAGE_STANDARD = "gnu++0x";
				CLANG_CXX_LIBRARY = "libc++";
				CLANG_ENABLE_MODULES = YES;
				CLANG_ENABLE_OBJC_ARC = YES;
				CLANG_WARN_BOOL_CONVERSION = YES;
				CLANG_WARN_CONSTANT_CONVERSION = YES;
				CLANG_WARN_DIRECT_OBJC_ISA_USAGE = YES_ERROR;
				CLANG_WARN_EMPTY_BODY = YES;
				CLANG_WARN_ENUM_CONVERSION = YES;
				CLANG_WARN_INT_CONVERSION = YES;
				CLANG_WARN_OBJC_ROOT_CLASS = YES_ERROR;
				CLANG_WARN__DUPLICATE_METHOD_MATCH = YES;
				"CODE_SIGN_IDENTITY[sdk=iphoneos*]" = "iPhone Developer";
				COPY_PHASE_STRIP = NO;
				GCC_C_LANGUAGE_STANDARD = gnu99;
				GCC_DYNAMIC_NO_PIC = NO;
				GCC_OPTIMIZATION_LEVEL = 0;
				GCC_PREPROCESSOR_DEFINITIONS = (
					"DEBUG=1",
					"$(inherited)",
				);
				GCC_SYMBOLS_PRIVATE_EXTERN = NO;
				GCC_WARN_64_TO_32_BIT_CONVERSION = YES;
				GCC_WARN_ABOUT_RETURN_TYPE = YES_ERROR;
				GCC_WARN_UNDECLARED_SELECTOR = YES;
				GCC_WARN_UNINITIALIZED_AUTOS = YES_AGGRESSIVE;
				GCC_WARN_UNUSED_FUNCTION = YES;
				GCC_WARN_UNUSED_VARIABLE = YES;
				IPHONEOS_DEPLOYMENT_TARGET = 7.1;
				ONLY_ACTIVE_ARCH = YES;
				SDKROOT = iphoneos;
			};
			name = Debug;
		};
		D1B97ADD195FBD180076577D /* Release */ = {
			isa = XCBuildConfiguration;
			buildSettings = {
				ALWAYS_SEARCH_USER_PATHS = NO;
				CLANG_CXX_LANGUAGE_STANDARD = "gnu++0x";
				CLANG_CXX_LIBRARY = "libc++";
				CLANG_ENABLE_MODULES = YES;
				CLANG_ENABLE_OBJC_ARC = YES;
				CLANG_WARN_BOOL_CONVERSION = YES;
				CLANG_WARN_CONSTANT_CONVERSION = YES;
				CLANG_WARN_DIRECT_OBJC_ISA_USAGE = YES_ERROR;
				CLANG_WARN_EMPTY_BODY = YES;
				CLANG_WARN_ENUM_CONVERSION = YES;
				CLANG_WARN_INT_CONVERSION = YES;
				CLANG_WARN_OBJC_ROOT_CLASS = YES_ERROR;
				CLANG_WARN__DUPLICATE_METHOD_MATCH = YES;
				"CODE_SIGN_IDENTITY[sdk=iphoneos*]" = "iPhone Developer";
				COPY_PHASE_STRIP = YES;
				ENABLE_NS_ASSERTIONS = NO;
				GCC_C_LANGUAGE_STANDARD = gnu99;
				GCC_WARN_64_TO_32_BIT_CONVERSION = YES;
				GCC_WARN_ABOUT_RETURN_TYPE = YES_ERROR;
				GCC_WARN_UNDECLARED_SELECTOR = YES;
				GCC_WARN_UNINITIALIZED_AUTOS = YES_AGGRESSIVE;
				GCC_WARN_UNUSED_FUNCTION = YES;
				GCC_WARN_UNUSED_VARIABLE = YES;
				IPHONEOS_DEPLOYMENT_TARGET = 7.1;
				SDKROOT = iphoneos;
				VALIDATE_PRODUCT = YES;
			};
			name = Release;
		};
		D1B97ADF195FBD180076577D /* Debug */ = {
			isa = XCBuildConfiguration;
			buildSettings = {
				ASSETCATALOG_COMPILER_APPICON_NAME = AppIcon;
				ASSETCATALOG_COMPILER_LAUNCHIMAGE_NAME = LaunchImage;
				GCC_PRECOMPILE_PREFIX_HEADER = YES;
				GCC_PREFIX_HEADER = "AWNavigationMenuViewDemo/AWNavigationMenuViewDemo-Prefix.pch";
				INFOPLIST_FILE = "AWNavigationMenuViewDemo/AWNavigationMenuViewDemo-Info.plist";
				PRODUCT_NAME = "$(TARGET_NAME)";
				WRAPPER_EXTENSION = app;
			};
			name = Debug;
		};
		D1B97AE0195FBD180076577D /* Release */ = {
			isa = XCBuildConfiguration;
			buildSettings = {
				ASSETCATALOG_COMPILER_APPICON_NAME = AppIcon;
				ASSETCATALOG_COMPILER_LAUNCHIMAGE_NAME = LaunchImage;
				GCC_PRECOMPILE_PREFIX_HEADER = YES;
				GCC_PREFIX_HEADER = "AWNavigationMenuViewDemo/AWNavigationMenuViewDemo-Prefix.pch";
				INFOPLIST_FILE = "AWNavigationMenuViewDemo/AWNavigationMenuViewDemo-Info.plist";
				PRODUCT_NAME = "$(TARGET_NAME)";
				WRAPPER_EXTENSION = app;
			};
			name = Release;
		};
		D1B97AE2195FBD180076577D /* Debug */ = {
			isa = XCBuildConfiguration;
			buildSettings = {
				BUNDLE_LOADER = "$(BUILT_PRODUCTS_DIR)/AWNavigationMenuViewDemo.app/AWNavigationMenuViewDemo";
				FRAMEWORK_SEARCH_PATHS = (
					"$(SDKROOT)/Developer/Library/Frameworks",
					"$(inherited)",
					"$(DEVELOPER_FRAMEWORKS_DIR)",
				);
				GCC_PRECOMPILE_PREFIX_HEADER = YES;
				GCC_PREFIX_HEADER = "AWNavigationMenuViewDemo/AWNavigationMenuViewDemo-Prefix.pch";
				GCC_PREPROCESSOR_DEFINITIONS = (
					"DEBUG=1",
					"$(inherited)",
				);
				INFOPLIST_FILE = "AWNavigationMenuViewDemoTests/AWNavigationMenuViewDemoTests-Info.plist";
				PRODUCT_NAME = "$(TARGET_NAME)";
				TEST_HOST = "$(BUNDLE_LOADER)";
				WRAPPER_EXTENSION = xctest;
			};
			name = Debug;
		};
		D1B97AE3195FBD180076577D /* Release */ = {
			isa = XCBuildConfiguration;
			buildSettings = {
				BUNDLE_LOADER = "$(BUILT_PRODUCTS_DIR)/AWNavigationMenuViewDemo.app/AWNavigationMenuViewDemo";
				FRAMEWORK_SEARCH_PATHS = (
					"$(SDKROOT)/Developer/Library/Frameworks",
					"$(inherited)",
					"$(DEVELOPER_FRAMEWORKS_DIR)",
				);
				GCC_PRECOMPILE_PREFIX_HEADER = YES;
				GCC_PREFIX_HEADER = "AWNavigationMenuViewDemo/AWNavigationMenuViewDemo-Prefix.pch";
				INFOPLIST_FILE = "AWNavigationMenuViewDemoTests/AWNavigationMenuViewDemoTests-Info.plist";
				PRODUCT_NAME = "$(TARGET_NAME)";
				TEST_HOST = "$(BUNDLE_LOADER)";
				WRAPPER_EXTENSION = xctest;
			};
			name = Release;
		};
/* End XCBuildConfiguration section */

/* Begin XCConfigurationList section */
		D1B97AAD195FBD180076577D /* Build configuration list for PBXProject "AWNavigationMenuViewDemo" */ = {
			isa = XCConfigurationList;
			buildConfigurations = (
				D1B97ADC195FBD180076577D /* Debug */,
				D1B97ADD195FBD180076577D /* Release */,
			);
			defaultConfigurationIsVisible = 0;
			defaultConfigurationName = Release;
		};
		D1B97ADE195FBD180076577D /* Build configuration list for PBXNativeTarget "AWNavigationMenuViewDemo" */ = {
			isa = XCConfigurationList;
			buildConfigurations = (
				D1B97ADF195FBD180076577D /* Debug */,
				D1B97AE0195FBD180076577D /* Release */,
			);
			defaultConfigurationIsVisible = 0;
			defaultConfigurationName = Release;
		};
		D1B97AE1195FBD180076577D /* Build configuration list for PBXNativeTarget "AWNavigationMenuViewDemoTests" */ = {
			isa = XCConfigurationList;
			buildConfigurations = (
				D1B97AE2195FBD180076577D /* Debug */,
				D1B97AE3195FBD180076577D /* Release */,
			);
			defaultConfigurationIsVisible = 0;
			defaultConfigurationName = Release;
		};
/* End XCConfigurationList section */
	};
	rootObject = D1B97AAA195FBD180076577D /* Project object */;
}
